
Microsoft Visual Studio Solution File, Format Version 12.00
# Visual Studio Version 16
VisualStudioVersion = 16.0.30517.126
MinimumVisualStudioVersion = 10.0.40219.1
Project("{FAE04EC0-301F-11D3-BF4B-00C04F79EFBC}") = "CheckServiceApi", "CheckServiceApi\CheckServiceApi.csproj", "{988FC3A0-5486-48FD-A1B9-C8BC24033B45}"
EndProject
Global
	GlobalSection(SolutionConfigurationPlatforms) = preSolution
		Debug|Any CPU = Debug|Any CPU
		Release|Any CPU = Release|Any CPU
	EndGlobalSection
	GlobalSection(ProjectConfigurationPlatforms) = postSolution
		{988FC3A0-5486-48FD-A1B9-C8BC24033B45}.Debug|Any CPU.ActiveCfg = Debug|Any CPU
		{988FC3A0-5486-48FD-A1B9-C8BC24033B45}.Debug|Any CPU.Build.0 = Debug|Any CPU
		{988FC3A0-5486-48FD-A1B9-C8BC24033B45}.Release|Any CPU.ActiveCfg = Release|Any CPU
		{988FC3A0-5486-48FD-A1B9-C8BC24033B45}.Release|Any CPU.Build.0 = Release|Any CPU
	EndGlobalSection
	GlobalSection(SolutionProperties) = preSolution
		HideSolutionNode = FALSE
	EndGlobalSection
	GlobalSection(ExtensibilityGlobals) = postSolution
		SolutionGuid = {191804BB-7705-44AB-8710-445569B9E9C3}
	EndGlobalSection
EndGlobal
